
Microsoft Visual Studio Solution File, Format Version 12.00
# Visual Studio 15
VisualStudioVersion = 15.0.27004.2002
MinimumVisualStudioVersion = 10.0.40219.1
Project("{FAE04EC0-301F-11D3-BF4B-00C04F79EFBC}") = "Training", "Training\Training.csproj", "{3FF13069-BFD8-46E5-B65E-849EBFABD861}"
EndProject
Global
	GlobalSection(SolutionConfigurationPlatforms) = preSolution
		Debug|Any CPU = Debug|Any CPU
		Release|Any CPU = Release|Any CPU
	EndGlobalSection
	GlobalSection(ProjectConfigurationPlatforms) = postSolution
		{3FF13069-BFD8-46E5-B65E-849EBFABD861}.Debug|Any CPU.ActiveCfg = Debug|Any CPU
		{3FF13069-BFD8-46E5-B65E-849EBFABD861}.Debug|Any CPU.Build.0 = Debug|Any CPU
		{3FF13069-BFD8-46E5-B65E-849EBFABD861}.Release|Any CPU.ActiveCfg = Release|Any CPU
		{3FF13069-BFD8-46E5-B65E-849EBFABD861}.Release|Any CPU.Build.0 = Release|Any CPU
	EndGlobalSection
	GlobalSection(SolutionProperties) = preSolution
		HideSolutionNode = FALSE
	EndGlobalSection
	GlobalSection(ExtensibilityGlobals) = postSolution
		SolutionGuid = {9EF10532-1643-4EB4-A391-D9C025FE7C40}
	EndGlobalSection
EndGlobal
